
Microsoft Visual Studio Solution File, Format Version 12.00
# Visual Studio Version 17
VisualStudioVersion = 17.8.34322.80
MinimumVisualStudioVersion = 10.0.40219.1
Project("{9A19103F-16F7-4668-BE54-9A1E7A4F7556}") = "Contacts.Maui", "Contacts.Maui\Contacts.Maui.csproj", "{6471C7E1-8B86-48B4-B3CE-A830BC1438AB}"
EndProject
Project("{FAE04EC0-301F-11D3-BF4B-00C04F79EFBC}") = "Contacts.CoreBusiness", "Contacts.CoreBusiness\Contacts.CoreBusiness.csproj", "{6C705A29-2C7F-4B33-A15A-FE4E77008C47}"
EndProject
Project("{FAE04EC0-301F-11D3-BF4B-00C04F79EFBC}") = "Contacts.UseCases", "Contacts.UseCases\Contacts.UseCases.csproj", "{EB73648A-0D29-4475-9668-121CB5CF6644}"
EndProject
Project("{2150E333-8FDC-42A3-9474-1A3956D46DE8}") = "Plugins", "Plugins", "{22C09512-8721-4D64-90AF-3D71344BD807}"
EndProject
Project("{FAE04EC0-301F-11D3-BF4B-00C04F79EFBC}") = "Contacts.Plugins.DataStore.InMemory", "Contacts.Plugins.DataStore.InMemory\Contacts.Plugins.DataStore.InMemory.csproj", "{B7164459-6C62-4C4F-87EF-C6D1436AE3E7}"
EndProject
Global
	GlobalSection(SolutionConfigurationPlatforms) = preSolution
		Debug|Any CPU = Debug|Any CPU
		Release|Any CPU = Release|Any CPU
	EndGlobalSection
	GlobalSection(ProjectConfigurationPlatforms) = postSolution
		{6471C7E1-8B86-48B4-B3CE-A830BC1438AB}.Debug|Any CPU.ActiveCfg = Debug|Any CPU
		{6471C7E1-8B86-48B4-B3CE-A830BC1438AB}.Debug|Any CPU.Build.0 = Debug|Any CPU
		{6471C7E1-8B86-48B4-B3CE-A830BC1438AB}.Debug|Any CPU.Deploy.0 = Debug|Any CPU
		{6471C7E1-8B86-48B4-B3CE-A830BC1438AB}.Release|Any CPU.ActiveCfg = Release|Any CPU
		{6471C7E1-8B86-48B4-B3CE-A830BC1438AB}.Release|Any CPU.Build.0 = Release|Any CPU
		{6471C7E1-8B86-48B4-B3CE-A830BC1438AB}.Release|Any CPU.Deploy.0 = Release|Any CPU
		{6C705A29-2C7F-4B33-A15A-FE4E77008C47}.Debug|Any CPU.ActiveCfg = Debug|Any CPU
		{6C705A29-2C7F-4B33-A15A-FE4E77008C47}.Debug|Any CPU.Build.0 = Debug|Any CPU
		{6C705A29-2C7F-4B33-A15A-FE4E77008C47}.Release|Any CPU.ActiveCfg = Release|Any CPU
		{6C705A29-2C7F-4B33-A15A-FE4E77008C47}.Release|Any CPU.Build.0 = Release|Any CPU
		{EB73648A-0D29-4475-9668-121CB5CF6644}.Debug|Any CPU.ActiveCfg = Debug|Any CPU
		{EB73648A-0D29-4475-9668-121CB5CF6644}.Debug|Any CPU.Build.0 = Debug|Any CPU
		{EB73648A-0D29-4475-9668-121CB5CF6644}.Release|Any CPU.ActiveCfg = Release|Any CPU
		{EB73648A-0D29-4475-9668-121CB5CF6644}.Release|Any CPU.Build.0 = Release|Any CPU
		{B7164459-6C62-4C4F-87EF-C6D1436AE3E7}.Debug|Any CPU.ActiveCfg = Debug|Any CPU
		{B7164459-6C62-4C4F-87EF-C6D1436AE3E7}.Debug|Any CPU.Build.0 = Debug|Any CPU
		{B7164459-6C62-4C4F-87EF-C6D1436AE3E7}.Release|Any CPU.ActiveCfg = Release|Any CPU
		{B7164459-6C62-4C4F-87EF-C6D1436AE3E7}.Release|Any CPU.Build.0 = Release|Any CPU
	EndGlobalSection
	GlobalSection(SolutionProperties) = preSolution
		HideSolutionNode = FALSE
	EndGlobalSection
	GlobalSection(NestedProjects) = preSolution
		{B7164459-6C62-4C4F-87EF-C6D1436AE3E7} = {22C09512-8721-4D64-90AF-3D71344BD807}
	EndGlobalSection
	GlobalSection(ExtensibilityGlobals) = postSolution
		SolutionGuid = {B16EACD5-FB48-41D3-BEDD-29DB2FDD46B9}
	EndGlobalSection
EndGlobal
